
Microsoft Visual Studio Solution File, Format Version 12.00
# Visual Studio Version 17
VisualStudioVersion = 17.7.34302.85
MinimumVisualStudioVersion = 10.0.40219.1
Project("{8BC9CEB8-8B4A-11D0-8D11-00A0C91BC942}") = "EdgeDetection", "EdgeDetection\EdgeDetection.vcxproj", "{D1BB428D-3161-4A34-A3F6-FADB4F90B3B0}"
EndProject
Project("{8BC9CEB8-8B4A-11D0-8D11-00A0C91BC942}") = "EdgeDetectionAlg", "EdgeDetectionAlg\EdgeDetectionAlg.vcxproj", "{40D2FBD6-58E5-4617-AC61-587213E7F768}"
EndProject
Global
	GlobalSection(SolutionConfigurationPlatforms) = preSolution
		Debug|x64 = Debug|x64
		Release|x64 = Release|x64
	EndGlobalSection
	GlobalSection(ProjectConfigurationPlatforms) = postSolution
		{D1BB428D-3161-4A34-A3F6-FADB4F90B3B0}.Debug|x64.ActiveCfg = Debug|x64
		{D1BB428D-3161-4A34-A3F6-FADB4F90B3B0}.Debug|x64.Build.0 = Debug|x64
		{D1BB428D-3161-4A34-A3F6-FADB4F90B3B0}.Release|x64.ActiveCfg = Release|x64
		{D1BB428D-3161-4A34-A3F6-FADB4F90B3B0}.Release|x64.Build.0 = Release|x64
		{40D2FBD6-58E5-4617-AC61-587213E7F768}.Debug|x64.ActiveCfg = Debug|x64
		{40D2FBD6-58E5-4617-AC61-587213E7F768}.Debug|x64.Build.0 = Debug|x64
		{40D2FBD6-58E5-4617-AC61-587213E7F768}.Release|x64.ActiveCfg = Release|x64
		{40D2FBD6-58E5-4617-AC61-587213E7F768}.Release|x64.Build.0 = Release|x64
	EndGlobalSection
	GlobalSection(SolutionProperties) = preSolution
		HideSolutionNode = FALSE
	EndGlobalSection
	GlobalSection(ExtensibilityGlobals) = postSolution
		SolutionGuid = {B39C4E0F-CE99-4884-9EF0-5953DEF3C29D}
	EndGlobalSection
EndGlobal
